
Microsoft Visual Studio Solution File, Format Version 12.00
# Visual Studio Version 17
VisualStudioVersion = 17.9.34728.123
MinimumVisualStudioVersion = 10.0.40219.1
Project("{FAE04EC0-301F-11D3-BF4B-00C04F79EFBC}") = "projDevMain.Android", "projDevMain.Android\projDevMain.Android.csproj", "{04C706C6-EFE7-41FC-9F7E-8B284AD06F30}"
EndProject
Project("{FAE04EC0-301F-11D3-BF4B-00C04F79EFBC}") = "projDevMain.iOS", "projDevMain.iOS\projDevMain.iOS.csproj", "{D8100EB8-A53E-4277-B48D-30D31CE69B70}"
EndProject
Project("{FAE04EC0-301F-11D3-BF4B-00C04F79EFBC}") = "projDevMain", "projDevMain\projDevMain.csproj", "{D4EB9325-799E-4395-9EEA-1203F4267A29}"
EndProject
Global
	GlobalSection(SolutionConfigurationPlatforms) = preSolution
		Debug|Any CPU = Debug|Any CPU
		Debug|iPhone = Debug|iPhone
		Debug|iPhoneSimulator = Debug|iPhoneSimulator
		Release|Any CPU = Release|Any CPU
		Release|iPhone = Release|iPhone
		Release|iPhoneSimulator = Release|iPhoneSimulator
	EndGlobalSection
	GlobalSection(ProjectConfigurationPlatforms) = postSolution
		{04C706C6-EFE7-41FC-9F7E-8B284AD06F30}.Debug|Any CPU.ActiveCfg = Debug|Any CPU
		{04C706C6-EFE7-41FC-9F7E-8B284AD06F30}.Debug|Any CPU.Build.0 = Debug|Any CPU
		{04C706C6-EFE7-41FC-9F7E-8B284AD06F30}.Debug|Any CPU.Deploy.0 = Debug|Any CPU
		{04C706C6-EFE7-41FC-9F7E-8B284AD06F30}.Debug|iPhone.ActiveCfg = Debug|Any CPU
		{04C706C6-EFE7-41FC-9F7E-8B284AD06F30}.Debug|iPhone.Build.0 = Debug|Any CPU
		{04C706C6-EFE7-41FC-9F7E-8B284AD06F30}.Debug|iPhone.Deploy.0 = Debug|Any CPU
		{04C706C6-EFE7-41FC-9F7E-8B284AD06F30}.Debug|iPhoneSimulator.ActiveCfg = Debug|Any CPU
		{04C706C6-EFE7-41FC-9F7E-8B284AD06F30}.Debug|iPhoneSimulator.Build.0 = Debug|Any CPU
		{04C706C6-EFE7-41FC-9F7E-8B284AD06F30}.Debug|iPhoneSimulator.Deploy.0 = Debug|Any CPU
		{04C706C6-EFE7-41FC-9F7E-8B284AD06F30}.Release|Any CPU.ActiveCfg = Release|Any CPU
		{04C706C6-EFE7-41FC-9F7E-8B284AD06F30}.Release|Any CPU.Build.0 = Release|Any CPU
		{04C706C6-EFE7-41FC-9F7E-8B284AD06F30}.Release|Any CPU.Deploy.0 = Release|Any CPU
		{04C706C6-EFE7-41FC-9F7E-8B284AD06F30}.Release|iPhone.ActiveCfg = Release|Any CPU
		{04C706C6-EFE7-41FC-9F7E-8B284AD06F30}.Release|iPhone.Build.0 = Release|Any CPU
		{04C706C6-EFE7-41FC-9F7E-8B284AD06F30}.Release|iPhone.Deploy.0 = Release|Any CPU
		{04C706C6-EFE7-41FC-9F7E-8B284AD06F30}.Release|iPhoneSimulator.ActiveCfg = Release|Any CPU
		{04C706C6-EFE7-41FC-9F7E-8B284AD06F30}.Release|iPhoneSimulator.Build.0 = Release|Any CPU
		{04C706C6-EFE7-41FC-9F7E-8B284AD06F30}.Release|iPhoneSimulator.Deploy.0 = Release|Any CPU
		{D8100EB8-A53E-4277-B48D-30D31CE69B70}.Debug|Any CPU.ActiveCfg = Debug|iPhone
		{D8100EB8-A53E-4277-B48D-30D31CE69B70}.Debug|Any CPU.Build.0 = Debug|iPhone
		{D8100EB8-A53E-4277-B48D-30D31CE69B70}.Debug|Any CPU.Deploy.0 = Debug|iPhone
		{D8100EB8-A53E-4277-B48D-30D31CE69B70}.Debug|iPhone.ActiveCfg = Debug|iPhone
		{D8100EB8-A53E-4277-B48D-30D31CE69B70}.Debug|iPhone.Build.0 = Debug|iPhone
		{D8100EB8-A53E-4277-B48D-30D31CE69B70}.Debug|iPhone.Deploy.0 = Debug|iPhone
		{D8100EB8-A53E-4277-B48D-30D31CE69B70}.Debug|iPhoneSimulator.ActiveCfg = Debug|iPhoneSimulator
		{D8100EB8-A53E-4277-B48D-30D31CE69B70}.Debug|iPhoneSimulator.Build.0 = Debug|iPhoneSimulator
		{D8100EB8-A53E-4277-B48D-30D31CE69B70}.Debug|iPhoneSimulator.Deploy.0 = Debug|iPhoneSimulator
		{D8100EB8-A53E-4277-B48D-30D31CE69B70}.Release|Any CPU.ActiveCfg = Release|iPhoneSimulator
		{D8100EB8-A53E-4277-B48D-30D31CE69B70}.Release|Any CPU.Build.0 = Release|iPhoneSimulator
		{D8100EB8-A53E-4277-B48D-30D31CE69B70}.Release|Any CPU.Deploy.0 = Release|iPhoneSimulator
		{D8100EB8-A53E-4277-B48D-30D31CE69B70}.Release|iPhone.ActiveCfg = Release|iPhone
		{D8100EB8-A53E-4277-B48D-30D31CE69B70}.Release|iPhone.Build.0 = Release|iPhone
		{D8100EB8-A53E-4277-B48D-30D31CE69B70}.Release|iPhone.Deploy.0 = Release|iPhone
		{D8100EB8-A53E-4277-B48D-30D31CE69B70}.Release|iPhoneSimulator.ActiveCfg = Release|iPhoneSimulator
		{D8100EB8-A53E-4277-B48D-30D31CE69B70}.Release|iPhoneSimulator.Build.0 = Release|iPhoneSimulator
		{D8100EB8-A53E-4277-B48D-30D31CE69B70}.Release|iPhoneSimulator.Deploy.0 = Release|iPhoneSimulator
		{D4EB9325-799E-4395-9EEA-1203F4267A29}.Debug|Any CPU.ActiveCfg = Debug|Any CPU
		{D4EB9325-799E-4395-9EEA-1203F4267A29}.Debug|Any CPU.Build.0 = Debug|Any CPU
		{D4EB9325-799E-4395-9EEA-1203F4267A29}.Debug|Any CPU.Deploy.0 = Debug|Any CPU
		{D4EB9325-799E-4395-9EEA-1203F4267A29}.Debug|iPhone.ActiveCfg = Debug|Any CPU
		{D4EB9325-799E-4395-9EEA-1203F4267A29}.Debug|iPhone.Build.0 = Debug|Any CPU
		{D4EB9325-799E-4395-9EEA-1203F4267A29}.Debug|iPhone.Deploy.0 = Debug|Any CPU
		{D4EB9325-799E-4395-9EEA-1203F4267A29}.Debug|iPhoneSimulator.ActiveCfg = Debug|Any CPU
		{D4EB9325-799E-4395-9EEA-1203F4267A29}.Debug|iPhoneSimulator.Build.0 = Debug|Any CPU
		{D4EB9325-799E-4395-9EEA-1203F4267A29}.Debug|iPhoneSimulator.Deploy.0 = Debug|Any CPU
		{D4EB9325-799E-4395-9EEA-1203F4267A29}.Release|Any CPU.ActiveCfg = Release|Any CPU
		{D4EB9325-799E-4395-9EEA-1203F4267A29}.Release|Any CPU.Build.0 = Release|Any CPU
		{D4EB9325-799E-4395-9EEA-1203F4267A29}.Release|Any CPU.Deploy.0 = Release|Any CPU
		{D4EB9325-799E-4395-9EEA-1203F4267A29}.Release|iPhone.ActiveCfg = Release|Any CPU
		{D4EB9325-799E-4395-9EEA-1203F4267A29}.Release|iPhone.Build.0 = Release|Any CPU
		{D4EB9325-799E-4395-9EEA-1203F4267A29}.Release|iPhone.Deploy.0 = Release|Any CPU
		{D4EB9325-799E-4395-9EEA-1203F4267A29}.Release|iPhoneSimulator.ActiveCfg = Release|Any CPU
		{D4EB9325-799E-4395-9EEA-1203F4267A29}.Release|iPhoneSimulator.Build.0 = Release|Any CPU
		{D4EB9325-799E-4395-9EEA-1203F4267A29}.Release|iPhoneSimulator.Deploy.0 = Release|Any CPU
	EndGlobalSection
	GlobalSection(SolutionProperties) = preSolution
		HideSolutionNode = FALSE
	EndGlobalSection
	GlobalSection(ExtensibilityGlobals) = postSolution
		SolutionGuid = {74FAD4D1-A6BD-4495-B835-7AA64C3CED6F}
	EndGlobalSection
EndGlobal
